// !$*UTF8*$!
{
	archiveVersion = 1;
	classes = {
	};
	objectVersion = 55;
	objects = {

/* Begin PBXBuildFile section */
		362361532869737500E73456 /* MovieDiaryApp.swift in Sources */ = {isa = PBXBuildFile; fileRef = 362361522869737500E73456 /* MovieDiaryApp.swift */; };
		362361572869737600E73456 /* Assets.xcassets in Resources */ = {isa = PBXBuildFile; fileRef = 362361562869737600E73456 /* Assets.xcassets */; };
		3623615A2869737600E73456 /* Preview Assets.xcassets in Resources */ = {isa = PBXBuildFile; fileRef = 362361592869737600E73456 /* Preview Assets.xcassets */; };
		362361612869739400E73456 /* README.md in Resources */ = {isa = PBXBuildFile; fileRef = 362361602869739400E73456 /* README.md */; };
		3623616B286974DA00E73456 /* Themes.swift in Sources */ = {isa = PBXBuildFile; fileRef = 3623616A286974DA00E73456 /* Themes.swift */; };
		3623616D2869751B00E73456 /* SettingManager.swift in Sources */ = {isa = PBXBuildFile; fileRef = 3623616C2869751B00E73456 /* SettingManager.swift */; };
		3623616F2869759400E73456 /* LocalFileManager.swift in Sources */ = {isa = PBXBuildFile; fileRef = 3623616E2869759400E73456 /* LocalFileManager.swift */; };
		362361712869759A00E73456 /* NetworkingManager.swift in Sources */ = {isa = PBXBuildFile; fileRef = 362361702869759A00E73456 /* NetworkingManager.swift */; };
		36236173286975AC00E73456 /* Endpoint.swift in Sources */ = {isa = PBXBuildFile; fileRef = 36236172286975AC00E73456 /* Endpoint.swift */; };
		362361752869797400E73456 /* JSONDataService.swift in Sources */ = {isa = PBXBuildFile; fileRef = 362361742869797400E73456 /* JSONDataService.swift */; };
		3623617728697ACD00E73456 /* SearchResult.swift in Sources */ = {isa = PBXBuildFile; fileRef = 3623617628697ACD00E73456 /* SearchResult.swift */; };
		362361792869803500E73456 /* MovieResult.swift in Sources */ = {isa = PBXBuildFile; fileRef = 362361782869803500E73456 /* MovieResult.swift */; };
		3623617B2869805700E73456 /* SearchType.swift in Sources */ = {isa = PBXBuildFile; fileRef = 3623617A2869805700E73456 /* SearchType.swift */; };
		3623617D286982F400E73456 /* MainView.swift in Sources */ = {isa = PBXBuildFile; fileRef = 3623617C286982F400E73456 /* MainView.swift */; };
		3623617F286982FA00E73456 /* MainViewModel.swift in Sources */ = {isa = PBXBuildFile; fileRef = 3623617E286982FA00E73456 /* MainViewModel.swift */; };
		36236181286985FE00E73456 /* ImageDataService.swift in Sources */ = {isa = PBXBuildFile; fileRef = 36236180286985FE00E73456 /* ImageDataService.swift */; };
		36236183286986B300E73456 /* ImageView.swift in Sources */ = {isa = PBXBuildFile; fileRef = 36236182286986B300E73456 /* ImageView.swift */; };
		36236185286986B800E73456 /* ImageViewModel.swift in Sources */ = {isa = PBXBuildFile; fileRef = 36236184286986B800E73456 /* ImageViewModel.swift */; };
		3623618728698C9D00E73456 /* DetailView.swift in Sources */ = {isa = PBXBuildFile; fileRef = 3623618628698C9D00E73456 /* DetailView.swift */; };
		3623618928698CA600E73456 /* DetailViewModel.swift in Sources */ = {isa = PBXBuildFile; fileRef = 3623618828698CA600E73456 /* DetailViewModel.swift */; };
		3623618C28699BD500E73456 /* SafeAreaInsetsKey.swift in Sources */ = {isa = PBXBuildFile; fileRef = 3623618B28699BD500E73456 /* SafeAreaInsetsKey.swift */; };
		3623618E28699CC300E73456 /* UIApplication.swift in Sources */ = {isa = PBXBuildFile; fileRef = 3623618D28699CC300E73456 /* UIApplication.swift */; };
		3623619028699CE700E73456 /* SearchBar.swift in Sources */ = {isa = PBXBuildFile; fileRef = 3623618F28699CE700E73456 /* SearchBar.swift */; };
		362361922869A16400E73456 /* GridDesign.swift in Sources */ = {isa = PBXBuildFile; fileRef = 362361912869A16400E73456 /* GridDesign.swift */; };
		362361942869AC1600E73456 /* SettingsView.swift in Sources */ = {isa = PBXBuildFile; fileRef = 362361932869AC1600E73456 /* SettingsView.swift */; };
		362361962869AC2000E73456 /* SettingsViewModel.swift in Sources */ = {isa = PBXBuildFile; fileRef = 362361952869AC2000E73456 /* SettingsViewModel.swift */; };
		3623619B2869AD1E00E73456 /* BackButton.swift in Sources */ = {isa = PBXBuildFile; fileRef = 362361992869AD1E00E73456 /* BackButton.swift */; };
		3623619D2869B18800E73456 /* Navigation.swift in Sources */ = {isa = PBXBuildFile; fileRef = 3623619C2869B18800E73456 /* Navigation.swift */; };
		3623619F2869B19400E73456 /* Binding.swift in Sources */ = {isa = PBXBuildFile; fileRef = 3623619E2869B19400E73456 /* Binding.swift */; };
		36D688F42869D9630089B189 /* ZoomButton.swift in Sources */ = {isa = PBXBuildFile; fileRef = 36D688F32869D9630089B189 /* ZoomButton.swift */; };
		36D688F62869D9EA0089B189 /* ImageZoomView.swift in Sources */ = {isa = PBXBuildFile; fileRef = 36D688F52869D9EA0089B189 /* ImageZoomView.swift */; };
/* End PBXBuildFile section */

/* Begin PBXFileReference section */
		3623614F2869737500E73456 /* MovieDiary.app */ = {isa = PBXFileReference; explicitFileType = wrapper.application; includeInIndex = 0; path = MovieDiary.app; sourceTree = BUILT_PRODUCTS_DIR; };
		362361522869737500E73456 /* MovieDiaryApp.swift */ = {isa = PBXFileReference; lastKnownFileType = sourcecode.swift; path = MovieDiaryApp.swift; sourceTree = "<group>"; };
		362361562869737600E73456 /* Assets.xcassets */ = {isa = PBXFileReference; lastKnownFileType = folder.assetcatalog; path = Assets.xcassets; sourceTree = "<group>"; };
		362361592869737600E73456 /* Preview Assets.xcassets */ = {isa = PBXFileReference; lastKnownFileType = folder.assetcatalog; path = "Preview Assets.xcassets"; sourceTree = "<group>"; };
		362361602869739400E73456 /* README.md */ = {isa = PBXFileReference; fileEncoding = 4; lastKnownFileType = net.daringfireball.markdown; path = README.md; sourceTree = "<group>"; };
		362361682869749800E73456 /* Info.plist */ = {isa = PBXFileReference; lastKnownFileType = text.plist; path = Info.plist; sourceTree = "<group>"; };
		3623616A286974DA00E73456 /* Themes.swift */ = {isa = PBXFileReference; fileEncoding = 4; lastKnownFileType = sourcecode.swift; path = Themes.swift; sourceTree = "<group>"; };
		3623616C2869751B00E73456 /* SettingManager.swift */ = {isa = PBXFileReference; fileEncoding = 4; lastKnownFileType = sourcecode.swift; path = SettingManager.swift; sourceTree = "<group>"; };
		3623616E2869759400E73456 /* LocalFileManager.swift */ = {isa = PBXFileReference; fileEncoding = 4; lastKnownFileType = sourcecode.swift; path = LocalFileManager.swift; sourceTree = "<group>"; };
		362361702869759A00E73456 /* NetworkingManager.swift */ = {isa = PBXFileReference; fileEncoding = 4; lastKnownFileType = sourcecode.swift; path = NetworkingManager.swift; sourceTree = "<group>"; };
		36236172286975AC00E73456 /* Endpoint.swift */ = {isa = PBXFileReference; fileEncoding = 4; lastKnownFileType = sourcecode.swift; path = Endpoint.swift; sourceTree = "<group>"; };
		362361742869797400E73456 /* JSONDataService.swift */ = {isa = PBXFileReference; fileEncoding = 4; lastKnownFileType = sourcecode.swift; path = JSONDataService.swift; sourceTree = "<group>"; };
		3623617628697ACD00E73456 /* SearchResult.swift */ = {isa = PBXFileReference; lastKnownFileType = sourcecode.swift; path = SearchResult.swift; sourceTree = "<group>"; };
		362361782869803500E73456 /* MovieResult.swift */ = {isa = PBXFileReference; lastKnownFileType = sourcecode.swift; path = MovieResult.swift; sourceTree = "<group>"; };
		3623617A2869805700E73456 /* SearchType.swift */ = {isa = PBXFileReference; lastKnownFileType = sourcecode.swift; path = SearchType.swift; sourceTree = "<group>"; };
		3623617C286982F400E73456 /* MainView.swift */ = {isa = PBXFileReference; lastKnownFileType = sourcecode.swift; path = MainView.swift; sourceTree = "<group>"; };
		3623617E286982FA00E73456 /* MainViewModel.swift */ = {isa = PBXFileReference; lastKnownFileType = sourcecode.swift; path = MainViewModel.swift; sourceTree = "<group>"; };
		36236180286985FE00E73456 /* ImageDataService.swift */ = {isa = PBXFileReference; fileEncoding = 4; lastKnownFileType = sourcecode.swift; path = ImageDataService.swift; sourceTree = "<group>"; };
		36236182286986B300E73456 /* ImageView.swift */ = {isa = PBXFileReference; fileEncoding = 4; lastKnownFileType = sourcecode.swift; path = ImageView.swift; sourceTree = "<group>"; };
		36236184286986B800E73456 /* ImageViewModel.swift */ = {isa = PBXFileReference; fileEncoding = 4; lastKnownFileType = sourcecode.swift; path = ImageViewModel.swift; sourceTree = "<group>"; };
		3623618628698C9D00E73456 /* DetailView.swift */ = {isa = PBXFileReference; lastKnownFileType = sourcecode.swift; path = DetailView.swift; sourceTree = "<group>"; };
		3623618828698CA600E73456 /* DetailViewModel.swift */ = {isa = PBXFileReference; lastKnownFileType = sourcecode.swift; path = DetailViewModel.swift; sourceTree = "<group>"; };
		3623618B28699BD500E73456 /* SafeAreaInsetsKey.swift */ = {isa = PBXFileReference; lastKnownFileType = sourcecode.swift; path = SafeAreaInsetsKey.swift; sourceTree = "<group>"; };
		3623618D28699CC300E73456 /* UIApplication.swift */ = {isa = PBXFileReference; lastKnownFileType = sourcecode.swift; path = UIApplication.swift; sourceTree = "<group>"; };
		3623618F28699CE700E73456 /* SearchBar.swift */ = {isa = PBXFileReference; lastKnownFileType = sourcecode.swift; path = SearchBar.swift; sourceTree = "<group>"; };
		362361912869A16400E73456 /* GridDesign.swift */ = {isa = PBXFileReference; fileEncoding = 4; lastKnownFileType = sourcecode.swift; path = GridDesign.swift; sourceTree = "<group>"; };
		362361932869AC1600E73456 /* SettingsView.swift */ = {isa = PBXFileReference; lastKnownFileType = sourcecode.swift; path = SettingsView.swift; sourceTree = "<group>"; };
		362361952869AC2000E73456 /* SettingsViewModel.swift */ = {isa = PBXFileReference; lastKnownFileType = sourcecode.swift; path = SettingsViewModel.swift; sourceTree = "<group>"; };
		362361992869AD1E00E73456 /* BackButton.swift */ = {isa = PBXFileReference; fileEncoding = 4; lastKnownFileType = sourcecode.swift; path = BackButton.swift; sourceTree = "<group>"; };
		3623619C2869B18800E73456 /* Navigation.swift */ = {isa = PBXFileReference; fileEncoding = 4; lastKnownFileType = sourcecode.swift; path = Navigation.swift; sourceTree = "<group>"; };
		3623619E2869B19400E73456 /* Binding.swift */ = {isa = PBXFileReference; fileEncoding = 4; lastKnownFileType = sourcecode.swift; path = Binding.swift; sourceTree = "<group>"; };
		36D688F32869D9630089B189 /* ZoomButton.swift */ = {isa = PBXFileReference; fileEncoding = 4; lastKnownFileType = sourcecode.swift; path = ZoomButton.swift; sourceTree = "<group>"; };
		36D688F52869D9EA0089B189 /* ImageZoomView.swift */ = {isa = PBXFileReference; fileEncoding = 4; lastKnownFileType = sourcecode.swift; path = ImageZoomView.swift; sourceTree = "<group>"; };
/* End PBXFileReference section */

/* Begin PBXFrameworksBuildPhase section */
		3623614C2869737500E73456 /* Frameworks */ = {
			isa = PBXFrameworksBuildPhase;
			buildActionMask = 2147483647;
			files = (
			);
			runOnlyForDeploymentPostprocessing = 0;
		};
/* End PBXFrameworksBuildPhase section */

/* Begin PBXGroup section */
		362361462869737500E73456 = {
			isa = PBXGroup;
			children = (
				362361602869739400E73456 /* README.md */,
				362361512869737500E73456 /* MovieDiary */,
				362361502869737500E73456 /* Products */,
			);
			sourceTree = "<group>";
		};
		362361502869737500E73456 /* Products */ = {
			isa = PBXGroup;
			children = (
				3623614F2869737500E73456 /* MovieDiary.app */,
			);
			name = Products;
			sourceTree = "<group>";
		};
		362361512869737500E73456 /* MovieDiary */ = {
			isa = PBXGroup;
			children = (
				3623618A28699BC800E73456 /* Extension */,
				362361682869749800E73456 /* Info.plist */,
				362361622869740B00E73456 /* Utilities */,
				362361632869741600E73456 /* Service */,
				362361642869741C00E73456 /* Model */,
				362361652869741F00E73456 /* View */,
				362361662869742300E73456 /* ViewModel */,
				362361672869742700E73456 /* Component */,
				362361522869737500E73456 /* MovieDiaryApp.swift */,
				362361562869737600E73456 /* Assets.xcassets */,
				362361582869737600E73456 /* Preview Content */,
			);
			path = MovieDiary;
			sourceTree = "<group>";
		};
		362361582869737600E73456 /* Preview Content */ = {
			isa = PBXGroup;
			children = (
				362361592869737600E73456 /* Preview Assets.xcassets */,
			);
			path = "Preview Content";
			sourceTree = "<group>";
		};
		362361622869740B00E73456 /* Utilities */ = {
			isa = PBXGroup;
			children = (
				3623616E2869759400E73456 /* LocalFileManager.swift */,
				362361702869759A00E73456 /* NetworkingManager.swift */,
				3623616C2869751B00E73456 /* SettingManager.swift */,
			);
			path = Utilities;
			sourceTree = "<group>";
		};
		362361632869741600E73456 /* Service */ = {
			isa = PBXGroup;
			children = (
				362361742869797400E73456 /* JSONDataService.swift */,
				36236180286985FE00E73456 /* ImageDataService.swift */,
				36236172286975AC00E73456 /* Endpoint.swift */,
			);
			path = Service;
			sourceTree = "<group>";
		};
		362361642869741C00E73456 /* Model */ = {
			isa = PBXGroup;
			children = (
				36236169286974D400E73456 /* Enums */,
				3623617628697ACD00E73456 /* SearchResult.swift */,
				362361782869803500E73456 /* MovieResult.swift */,
			);
			path = Model;
			sourceTree = "<group>";
		};
		362361652869741F00E73456 /* View */ = {
			isa = PBXGroup;
			children = (
				3623617C286982F400E73456 /* MainView.swift */,
				36236182286986B300E73456 /* ImageView.swift */,
				36D688F52869D9EA0089B189 /* ImageZoomView.swift */,
				3623618628698C9D00E73456 /* DetailView.swift */,
				362361932869AC1600E73456 /* SettingsView.swift */,
			);
			path = View;
			sourceTree = "<group>";
		};
		362361662869742300E73456 /* ViewModel */ = {
			isa = PBXGroup;
			children = (
				36236184286986B800E73456 /* ImageViewModel.swift */,
				3623617E286982FA00E73456 /* MainViewModel.swift */,
				3623618828698CA600E73456 /* DetailViewModel.swift */,
				362361952869AC2000E73456 /* SettingsViewModel.swift */,
			);
			path = ViewModel;
			sourceTree = "<group>";
		};
		362361672869742700E73456 /* Component */ = {
			isa = PBXGroup;
			children = (
				362361972869AD1E00E73456 /* CustomButtons */,
				3623618F28699CE700E73456 /* SearchBar.swift */,
			);
			path = Component;
			sourceTree = "<group>";
		};
		36236169286974D400E73456 /* Enums */ = {
			isa = PBXGroup;
			children = (
				362361912869A16400E73456 /* GridDesign.swift */,
				3623616A286974DA00E73456 /* Themes.swift */,
				3623617A2869805700E73456 /* SearchType.swift */,
			);
			path = Enums;
			sourceTree = "<group>";
		};
		3623618A28699BC800E73456 /* Extension */ = {
			isa = PBXGroup;
			children = (
				3623619C2869B18800E73456 /* Navigation.swift */,
				3623619E2869B19400E73456 /* Binding.swift */,
				3623618B28699BD500E73456 /* SafeAreaInsetsKey.swift */,
				3623618D28699CC300E73456 /* UIApplication.swift */,
			);
			path = Extension;
			sourceTree = "<group>";
		};
		362361972869AD1E00E73456 /* CustomButtons */ = {
			isa = PBXGroup;
			children = (
				36D688F32869D9630089B189 /* ZoomButton.swift */,
				362361992869AD1E00E73456 /* BackButton.swift */,
			);
			path = CustomButtons;
			sourceTree = "<group>";
		};
/* End PBXGroup section */

/* Begin PBXNativeTarget section */
		3623614E2869737500E73456 /* MovieDiary */ = {
			isa = PBXNativeTarget;
			buildConfigurationList = 3623615D2869737600E73456 /* Build configuration list for PBXNativeTarget "MovieDiary" */;
			buildPhases = (
				3623614B2869737500E73456 /* Sources */,
				3623614C2869737500E73456 /* Frameworks */,
				3623614D2869737500E73456 /* Resources */,
			);
			buildRules = (
			);
			dependencies = (
			);
			name = MovieDiary;
			productName = MovieDiary;
			productReference = 3623614F2869737500E73456 /* MovieDiary.app */;
			productType = "com.apple.product-type.application";
		};
/* End PBXNativeTarget section */

/* Begin PBXProject section */
		362361472869737500E73456 /* Project object */ = {
			isa = PBXProject;
			attributes = {
				BuildIndependentTargetsInParallel = 1;
				LastSwiftUpdateCheck = 1330;
				LastUpgradeCheck = 1330;
				TargetAttributes = {
					3623614E2869737500E73456 = {
						CreatedOnToolsVersion = 13.3;
					};
				};
			};
			buildConfigurationList = 3623614A2869737500E73456 /* Build configuration list for PBXProject "MovieDiary" */;
			compatibilityVersion = "Xcode 13.0";
			developmentRegion = en;
			hasScannedForEncodings = 0;
			knownRegions = (
				en,
				Base,
			);
			mainGroup = 362361462869737500E73456;
			productRefGroup = 362361502869737500E73456 /* Products */;
			projectDirPath = "";
			projectRoot = "";
			targets = (
				3623614E2869737500E73456 /* MovieDiary */,
			);
		};
/* End PBXProject section */

/* Begin PBXResourcesBuildPhase section */
		3623614D2869737500E73456 /* Resources */ = {
			isa = PBXResourcesBuildPhase;
			buildActionMask = 2147483647;
			files = (
				362361612869739400E73456 /* README.md in Resources */,
				3623615A2869737600E73456 /* Preview Assets.xcassets in Resources */,
				362361572869737600E73456 /* Assets.xcassets in Resources */,
			);
			runOnlyForDeploymentPostprocessing = 0;
		};
/* End PBXResourcesBuildPhase section */

/* Begin PBXSourcesBuildPhase section */
		3623614B2869737500E73456 /* Sources */ = {
			isa = PBXSourcesBuildPhase;
			buildActionMask = 2147483647;
			files = (
				3623618928698CA600E73456 /* DetailViewModel.swift in Sources */,
				362361962869AC2000E73456 /* SettingsViewModel.swift in Sources */,
				36236181286985FE00E73456 /* ImageDataService.swift in Sources */,
				36236173286975AC00E73456 /* Endpoint.swift in Sources */,
				3623619F2869B19400E73456 /* Binding.swift in Sources */,
				36D688F62869D9EA0089B189 /* ImageZoomView.swift in Sources */,
				3623619B2869AD1E00E73456 /* BackButton.swift in Sources */,
				3623617D286982F400E73456 /* MainView.swift in Sources */,
				3623617B2869805700E73456 /* SearchType.swift in Sources */,
				3623617728697ACD00E73456 /* SearchResult.swift in Sources */,
				3623619D2869B18800E73456 /* Navigation.swift in Sources */,
				3623616D2869751B00E73456 /* SettingManager.swift in Sources */,
				36236185286986B800E73456 /* ImageViewModel.swift in Sources */,
				3623618E28699CC300E73456 /* UIApplication.swift in Sources */,
				3623617F286982FA00E73456 /* MainViewModel.swift in Sources */,
				362361792869803500E73456 /* MovieResult.swift in Sources */,
				3623618728698C9D00E73456 /* DetailView.swift in Sources */,
				36D688F42869D9630089B189 /* ZoomButton.swift in Sources */,
				3623616F2869759400E73456 /* LocalFileManager.swift in Sources */,
				362361922869A16400E73456 /* GridDesign.swift in Sources */,
				362361712869759A00E73456 /* NetworkingManager.swift in Sources */,
				362361752869797400E73456 /* JSONDataService.swift in Sources */,
				3623616B286974DA00E73456 /* Themes.swift in Sources */,
				3623618C28699BD500E73456 /* SafeAreaInsetsKey.swift in Sources */,
				3623619028699CE700E73456 /* SearchBar.swift in Sources */,
				36236183286986B300E73456 /* ImageView.swift in Sources */,
				362361532869737500E73456 /* MovieDiaryApp.swift in Sources */,
				362361942869AC1600E73456 /* SettingsView.swift in Sources */,
			);
			runOnlyForDeploymentPostprocessing = 0;
		};
/* End PBXSourcesBuildPhase section */

/* Begin XCBuildConfiguration section */
		3623615B2869737600E73456 /* Debug */ = {
			isa = XCBuildConfiguration;
			buildSettings = {
				ALWAYS_SEARCH_USER_PATHS = NO;
				CLANG_ANALYZER_NONNULL = YES;
				CLANG_ANALYZER_NUMBER_OBJECT_CONVERSION = YES_AGGRESSIVE;
				CLANG_CXX_LANGUAGE_STANDARD = "gnu++17";
				CLANG_ENABLE_MODULES = YES;
				CLANG_ENABLE_OBJC_ARC = YES;
				CLANG_ENABLE_OBJC_WEAK = YES;
				CLANG_WARN_BLOCK_CAPTURE_AUTORELEASING = YES;
				CLANG_WARN_BOOL_CONVERSION = YES;
				CLANG_WARN_COMMA = YES;
				CLANG_WARN_CONSTANT_CONVERSION = YES;
				CLANG_WARN_DEPRECATED_OBJC_IMPLEMENTATIONS = YES;
				CLANG_WARN_DIRECT_OBJC_ISA_USAGE = YES_ERROR;
				CLANG_WARN_DOCUMENTATION_COMMENTS = YES;
				CLANG_WARN_EMPTY_BODY = YES;
				CLANG_WARN_ENUM_CONVERSION = YES;
				CLANG_WARN_INFINITE_RECURSION = YES;
				CLANG_WARN_INT_CONVERSION = YES;
				CLANG_WARN_NON_LITERAL_NULL_CONVERSION = YES;
				CLANG_WARN_OBJC_IMPLICIT_RETAIN_SELF = YES;
				CLANG_WARN_OBJC_LITERAL_CONVERSION = YES;
				CLANG_WARN_OBJC_ROOT_CLASS = YES_ERROR;
				CLANG_WARN_QUOTED_INCLUDE_IN_FRAMEWORK_HEADER = YES;
				CLANG_WARN_RANGE_LOOP_ANALYSIS = YES;
				CLANG_WARN_STRICT_PROTOTYPES = YES;
				CLANG_WARN_SUSPICIOUS_MOVE = YES;
				CLANG_WARN_UNGUARDED_AVAILABILITY = YES_AGGRESSIVE;
				CLANG_WARN_UNREACHABLE_CODE = YES;
				CLANG_WARN__DUPLICATE_METHOD_MATCH = YES;
				COPY_PHASE_STRIP = NO;
				DEBUG_INFORMATION_FORMAT = dwarf;
				ENABLE_STRICT_OBJC_MSGSEND = YES;
				ENABLE_TESTABILITY = YES;
				GCC_C_LANGUAGE_STANDARD = gnu11;
				GCC_DYNAMIC_NO_PIC = NO;
				GCC_NO_COMMON_BLOCKS = YES;
				GCC_OPTIMIZATION_LEVEL = 0;
				GCC_PREPROCESSOR_DEFINITIONS = (
					"DEBUG=1",
					"$(inherited)",
				);
				GCC_WARN_64_TO_32_BIT_CONVERSION = YES;
				GCC_WARN_ABOUT_RETURN_TYPE = YES_ERROR;
				GCC_WARN_UNDECLARED_SELECTOR = YES;
				GCC_WARN_UNINITIALIZED_AUTOS = YES_AGGRESSIVE;
				GCC_WARN_UNUSED_FUNCTION = YES;
				GCC_WARN_UNUSED_VARIABLE = YES;
				IPHONEOS_DEPLOYMENT_TARGET = 15.4;
				MTL_ENABLE_DEBUG_INFO = INCLUDE_SOURCE;
				MTL_FAST_MATH = YES;
				ONLY_ACTIVE_ARCH = YES;
				SDKROOT = iphoneos;
				SWIFT_ACTIVE_COMPILATION_CONDITIONS = DEBUG;
				SWIFT_OPTIMIZATION_LEVEL = "-Onone";
			};
			name = Debug;
		};
		3623615C2869737600E73456 /* Release */ = {
			isa = XCBuildConfiguration;
			buildSettings = {
				ALWAYS_SEARCH_USER_PATHS = NO;
				CLANG_ANALYZER_NONNULL = YES;
				CLANG_ANALYZER_NUMBER_OBJECT_CONVERSION = YES_AGGRESSIVE;
				CLANG_CXX_LANGUAGE_STANDARD = "gnu++17";
				CLANG_ENABLE_MODULES = YES;
				CLANG_ENABLE_OBJC_ARC = YES;
				CLANG_ENABLE_OBJC_WEAK = YES;
				CLANG_WARN_BLOCK_CAPTURE_AUTORELEASING = YES;
				CLANG_WARN_BOOL_CONVERSION = YES;
				CLANG_WARN_COMMA = YES;
				CLANG_WARN_CONSTANT_CONVERSION = YES;
				CLANG_WARN_DEPRECATED_OBJC_IMPLEMENTATIONS = YES;
				CLANG_WARN_DIRECT_OBJC_ISA_USAGE = YES_ERROR;
				CLANG_WARN_DOCUMENTATION_COMMENTS = YES;
				CLANG_WARN_EMPTY_BODY = YES;
				CLANG_WARN_ENUM_CONVERSION = YES;
				CLANG_WARN_INFINITE_RECURSION = YES;
				CLANG_WARN_INT_CONVERSION = YES;
				CLANG_WARN_NON_LITERAL_NULL_CONVERSION = YES;
				CLANG_WARN_OBJC_IMPLICIT_RETAIN_SELF = YES;
				CLANG_WARN_OBJC_LITERAL_CONVERSION = YES;
				CLANG_WARN_OBJC_ROOT_CLASS = YES_ERROR;
				CLANG_WARN_QUOTED_INCLUDE_IN_FRAMEWORK_HEADER = YES;
				CLANG_WARN_RANGE_LOOP_ANALYSIS = YES;
				CLANG_WARN_STRICT_PROTOTYPES = YES;
				CLANG_WARN_SUSPICIOUS_MOVE = YES;
				CLANG_WARN_UNGUARDED_AVAILABILITY = YES_AGGRESSIVE;
				CLANG_WARN_UNREACHABLE_CODE = YES;
				CLANG_WARN__DUPLICATE_METHOD_MATCH = YES;
				COPY_PHASE_STRIP = NO;
				DEBUG_INFORMATION_FORMAT = "dwarf-with-dsym";
				ENABLE_NS_ASSERTIONS = NO;
				ENABLE_STRICT_OBJC_MSGSEND = YES;
				GCC_C_LANGUAGE_STANDARD = gnu11;
				GCC_NO_COMMON_BLOCKS = YES;
				GCC_WARN_64_TO_32_BIT_CONVERSION = YES;
				GCC_WARN_ABOUT_RETURN_TYPE = YES_ERROR;
				GCC_WARN_UNDECLARED_SELECTOR = YES;
				GCC_WARN_UNINITIALIZED_AUTOS = YES_AGGRESSIVE;
				GCC_WARN_UNUSED_FUNCTION = YES;
				GCC_WARN_UNUSED_VARIABLE = YES;
				IPHONEOS_DEPLOYMENT_TARGET = 15.4;
				MTL_ENABLE_DEBUG_INFO = NO;
				MTL_FAST_MATH = YES;
				SDKROOT = iphoneos;
				SWIFT_COMPILATION_MODE = wholemodule;
				SWIFT_OPTIMIZATION_LEVEL = "-O";
				VALIDATE_PRODUCT = YES;
			};
			name = Release;
		};
		3623615E2869737600E73456 /* Debug */ = {
			isa = XCBuildConfiguration;
			buildSettings = {
				ASSETCATALOG_COMPILER_APPICON_NAME = AppIcon;
				ASSETCATALOG_COMPILER_GLOBAL_ACCENT_COLOR_NAME = AccentColor;
				CODE_SIGN_STYLE = Automatic;
				CURRENT_PROJECT_VERSION = 1;
				DEVELOPMENT_ASSET_PATHS = "\"MovieDiary/Preview Content\"";
				DEVELOPMENT_TEAM = 32L9LV3KSY;
				ENABLE_PREVIEWS = YES;
				GENERATE_INFOPLIST_FILE = YES;
				INFOPLIST_FILE = MovieDiary/Info.plist;
				INFOPLIST_KEY_UIApplicationSceneManifest_Generation = YES;
				INFOPLIST_KEY_UIApplicationSupportsIndirectInputEvents = YES;
				INFOPLIST_KEY_UILaunchScreen_Generation = YES;
				INFOPLIST_KEY_UISupportedInterfaceOrientations = UIInterfaceOrientationPortrait;
				INFOPLIST_KEY_UISupportedInterfaceOrientations_iPad = "UIInterfaceOrientationPortrait UIInterfaceOrientationPortrait UIInterfaceOrientationPortrait UIInterfaceOrientationPortrait";
				INFOPLIST_KEY_UISupportedInterfaceOrientations_iPhone = "UIInterfaceOrientationPortrait UIInterfaceOrientationPortrait UIInterfaceOrientationPortrait";
				LD_RUNPATH_SEARCH_PATHS = (
					"$(inherited)",
					"@executable_path/Frameworks",
				);
				MARKETING_VERSION = 1.0;
				PRODUCT_BUNDLE_IDENTIFIER = com.canbi.MovieDiary;
				PRODUCT_NAME = "$(TARGET_NAME)";
				SWIFT_EMIT_LOC_STRINGS = YES;
				SWIFT_VERSION = 5.0;
				TARGETED_DEVICE_FAMILY = 1;
			};
			name = Debug;
		};
		3623615F2869737600E73456 /* Release */ = {
			isa = XCBuildConfiguration;
			buildSettings = {
				ASSETCATALOG_COMPILER_APPICON_NAME = AppIcon;
				ASSETCATALOG_COMPILER_GLOBAL_ACCENT_COLOR_NAME = AccentColor;
				CODE_SIGN_STYLE = Automatic;
				CURRENT_PROJECT_VERSION = 1;
				DEVELOPMENT_ASSET_PATHS = "\"MovieDiary/Preview Content\"";
				DEVELOPMENT_TEAM = 32L9LV3KSY;
				ENABLE_PREVIEWS = YES;
				GENERATE_INFOPLIST_FILE = YES;
				INFOPLIST_FILE = MovieDiary/Info.plist;
				INFOPLIST_KEY_UIApplicationSceneManifest_Generation = YES;
				INFOPLIST_KEY_UIApplicationSupportsIndirectInputEvents = YES;
				INFOPLIST_KEY_UILaunchScreen_Generation = YES;
				INFOPLIST_KEY_UISupportedInterfaceOrientations = UIInterfaceOrientationPortrait;
				INFOPLIST_KEY_UISupportedInterfaceOrientations_iPad = "UIInterfaceOrientationPortrait UIInterfaceOrientationPortrait UIInterfaceOrientationPortrait UIInterfaceOrientationPortrait";
				INFOPLIST_KEY_UISupportedInterfaceOrientations_iPhone = "UIInterfaceOrientationPortrait UIInterfaceOrientationPortrait UIInterfaceOrientationPortrait";
				LD_RUNPATH_SEARCH_PATHS = (
					"$(inherited)",
					"@executable_path/Frameworks",
				);
				MARKETING_VERSION = 1.0;
				PRODUCT_BUNDLE_IDENTIFIER = com.canbi.MovieDiary;
				PRODUCT_NAME = "$(TARGET_NAME)";
				SWIFT_EMIT_LOC_STRINGS = YES;
				SWIFT_VERSION = 5.0;
				TARGETED_DEVICE_FAMILY = 1;
			};
			name = Release;
		};
/* End XCBuildConfiguration section */

/* Begin XCConfigurationList section */
		3623614A2869737500E73456 /* Build configuration list for PBXProject "MovieDiary" */ = {
			isa = XCConfigurationList;
			buildConfigurations = (
				3623615B2869737600E73456 /* Debug */,
				3623615C2869737600E73456 /* Release */,
			);
			defaultConfigurationIsVisible = 0;
			defaultConfigurationName = Release;
		};
		3623615D2869737600E73456 /* Build configuration list for PBXNativeTarget "MovieDiary" */ = {
			isa = XCConfigurationList;
			buildConfigurations = (
				3623615E2869737600E73456 /* Debug */,
				3623615F2869737600E73456 /* Release */,
			);
			defaultConfigurationIsVisible = 0;
			defaultConfigurationName = Release;
		};
/* End XCConfigurationList section */
	};
	rootObject = 362361472869737500E73456 /* Project object */;
}
